{
  "name": "test",
  "version": "1.0.2",
  "lockfileVersion": 1,
  "requires": true,
  "dependencies": {
    "nouns-numbers": {
      "version": "1.0.0",
      "resolved": "https://registry.npmjs.org/nouns-numbers/-/nouns-numbers-1.0.0.tgz",
      "integrity": "sha512-kxSKhjDzsxTIPniRMiz7KMeoYhgSPK8Ov2tKUr2qfLRk5reYu0MnJn7H1OhPAfzIPKn0CZdkmO/LWxg1TU3Mjg=="
    }
  }
}
